
Microsoft Visual Studio Solution File, Format Version 12.00
# Visual Studio Version 17
VisualStudioVersion = 17.0.31903.59
MinimumVisualStudioVersion = 10.0.40219.1
Project("{2150E333-8FDC-42A3-9474-1A3956D46DE8}") = "src", "src", "{7DDCCB07-805C-4096-A794-14F898B52B22}"
EndProject
Project("{FAE04EC0-301F-11D3-BF4B-00C04F79EFBC}") = "MySpot.Api", "src\MySpot.Api\MySpot.Api.csproj", "{E79F0719-F08E-4677-8F4F-EE508C53CC6F}"
EndProject
Project("{2150E333-8FDC-42A3-9474-1A3956D46DE8}") = "tests", "tests", "{37CF441C-DA93-44BB-A7A1-104C8CD95DCB}"
EndProject
Project("{FAE04EC0-301F-11D3-BF4B-00C04F79EFBC}") = "MySpot.Tests.Unit", "tests\MySpot.Tests.Unit\MySpot.Tests.Unit.csproj", "{EB75FD99-99CA-4128-BC48-53B9C9F0D2BB}"
EndProject
Project("{FAE04EC0-301F-11D3-BF4B-00C04F79EFBC}") = "MySpot.Core", "src\MySpot.Core\MySpot.Core.csproj", "{6ABD5C01-327E-4E8E-B617-8894D2CBC5F5}"
EndProject
Project("{FAE04EC0-301F-11D3-BF4B-00C04F79EFBC}") = "MySpot.Application", "src\MySpot.Application\MySpot.Application.csproj", "{A53DF7B2-B249-4454-9A43-F50FF67149E7}"
EndProject
Project("{FAE04EC0-301F-11D3-BF4B-00C04F79EFBC}") = "MySpot.Infrastructure", "src\MySpot.Infrastructure\MySpot.Infrastructure.csproj", "{5ED06A78-8F85-4D6A-A7F3-1DC265C6789A}"
EndProject
Global
	GlobalSection(SolutionConfigurationPlatforms) = preSolution
		Debug|Any CPU = Debug|Any CPU
		Release|Any CPU = Release|Any CPU
	EndGlobalSection
	GlobalSection(SolutionProperties) = preSolution
		HideSolutionNode = FALSE
	EndGlobalSection
	GlobalSection(ProjectConfigurationPlatforms) = postSolution
		{E79F0719-F08E-4677-8F4F-EE508C53CC6F}.Debug|Any CPU.ActiveCfg = Debug|Any CPU
		{E79F0719-F08E-4677-8F4F-EE508C53CC6F}.Debug|Any CPU.Build.0 = Debug|Any CPU
		{E79F0719-F08E-4677-8F4F-EE508C53CC6F}.Release|Any CPU.ActiveCfg = Release|Any CPU
		{E79F0719-F08E-4677-8F4F-EE508C53CC6F}.Release|Any CPU.Build.0 = Release|Any CPU
		{EB75FD99-99CA-4128-BC48-53B9C9F0D2BB}.Debug|Any CPU.ActiveCfg = Debug|Any CPU
		{EB75FD99-99CA-4128-BC48-53B9C9F0D2BB}.Debug|Any CPU.Build.0 = Debug|Any CPU
		{EB75FD99-99CA-4128-BC48-53B9C9F0D2BB}.Release|Any CPU.ActiveCfg = Release|Any CPU
		{EB75FD99-99CA-4128-BC48-53B9C9F0D2BB}.Release|Any CPU.Build.0 = Release|Any CPU
		{16683CE0-EB19-4319-8624-FEEC54D00A9A}.Debug|Any CPU.ActiveCfg = Debug|Any CPU
		{16683CE0-EB19-4319-8624-FEEC54D00A9A}.Debug|Any CPU.Build.0 = Debug|Any CPU
		{16683CE0-EB19-4319-8624-FEEC54D00A9A}.Release|Any CPU.ActiveCfg = Release|Any CPU
		{16683CE0-EB19-4319-8624-FEEC54D00A9A}.Release|Any CPU.Build.0 = Release|Any CPU
		{6ABD5C01-327E-4E8E-B617-8894D2CBC5F5}.Debug|Any CPU.ActiveCfg = Debug|Any CPU
		{6ABD5C01-327E-4E8E-B617-8894D2CBC5F5}.Debug|Any CPU.Build.0 = Debug|Any CPU
		{6ABD5C01-327E-4E8E-B617-8894D2CBC5F5}.Release|Any CPU.ActiveCfg = Release|Any CPU
		{6ABD5C01-327E-4E8E-B617-8894D2CBC5F5}.Release|Any CPU.Build.0 = Release|Any CPU
		{A53DF7B2-B249-4454-9A43-F50FF67149E7}.Debug|Any CPU.ActiveCfg = Debug|Any CPU
		{A53DF7B2-B249-4454-9A43-F50FF67149E7}.Debug|Any CPU.Build.0 = Debug|Any CPU
		{A53DF7B2-B249-4454-9A43-F50FF67149E7}.Release|Any CPU.ActiveCfg = Release|Any CPU
		{A53DF7B2-B249-4454-9A43-F50FF67149E7}.Release|Any CPU.Build.0 = Release|Any CPU
		{5ED06A78-8F85-4D6A-A7F3-1DC265C6789A}.Debug|Any CPU.ActiveCfg = Debug|Any CPU
		{5ED06A78-8F85-4D6A-A7F3-1DC265C6789A}.Debug|Any CPU.Build.0 = Debug|Any CPU
		{5ED06A78-8F85-4D6A-A7F3-1DC265C6789A}.Release|Any CPU.ActiveCfg = Release|Any CPU
		{5ED06A78-8F85-4D6A-A7F3-1DC265C6789A}.Release|Any CPU.Build.0 = Release|Any CPU
	EndGlobalSection
	GlobalSection(NestedProjects) = preSolution
		{E79F0719-F08E-4677-8F4F-EE508C53CC6F} = {7DDCCB07-805C-4096-A794-14F898B52B22}
		{EB75FD99-99CA-4128-BC48-53B9C9F0D2BB} = {37CF441C-DA93-44BB-A7A1-104C8CD95DCB}
		{6ABD5C01-327E-4E8E-B617-8894D2CBC5F5} = {7DDCCB07-805C-4096-A794-14F898B52B22}
		{A53DF7B2-B249-4454-9A43-F50FF67149E7} = {7DDCCB07-805C-4096-A794-14F898B52B22}
		{5ED06A78-8F85-4D6A-A7F3-1DC265C6789A} = {7DDCCB07-805C-4096-A794-14F898B52B22}
	EndGlobalSection
EndGlobal
